
Microsoft Visual Studio Solution File, Format Version 12.00
# Visual Studio Version 17
VisualStudioVersion = 17.1.32421.90
MinimumVisualStudioVersion = 10.0.40219.1
Project("{FAE04EC0-301F-11D3-BF4B-00C04F79EFBC}") = "MailForm", "MailForm\MailForm.csproj", "{7E08F998-7537-440C-8E84-A30666E74FFF}"
EndProject
Global
	GlobalSection(SolutionConfigurationPlatforms) = preSolution
		Debug|Any CPU = Debug|Any CPU
		Release|Any CPU = Release|Any CPU
	EndGlobalSection
	GlobalSection(ProjectConfigurationPlatforms) = postSolution
		{7E08F998-7537-440C-8E84-A30666E74FFF}.Debug|Any CPU.ActiveCfg = Debug|Any CPU
		{7E08F998-7537-440C-8E84-A30666E74FFF}.Debug|Any CPU.Build.0 = Debug|Any CPU
		{7E08F998-7537-440C-8E84-A30666E74FFF}.Release|Any CPU.ActiveCfg = Release|Any CPU
		{7E08F998-7537-440C-8E84-A30666E74FFF}.Release|Any CPU.Build.0 = Release|Any CPU
	EndGlobalSection
	GlobalSection(SolutionProperties) = preSolution
		HideSolutionNode = FALSE
	EndGlobalSection
	GlobalSection(ExtensibilityGlobals) = postSolution
		SolutionGuid = {50A20007-7B33-4FE7-B0E5-443CAA8AD667}
	EndGlobalSection
EndGlobal
